{
  "name": "www.akilaliyanage.live",
  "version": "1.0.0",
  "lockfileVersion": 1,
  "requires": true,
  "dependencies": {
    "lax": {
      "version": "0.0.40",
      "resolved": "https://registry.npmjs.org/lax/-/lax-0.0.40.tgz",
      "integrity": "sha1-72u4Fe9nYJSTYvRJmMRtOOzeP0o="
    },
    "lax.js": {
      "version": "1.2.5",
      "resolved": "https://registry.npmjs.org/lax.js/-/lax.js-1.2.5.tgz",
      "integrity": "sha512-Ytf7ZUhn2YLtyYoUFT8KpoRYvzw0awTr66J0vrp4NpwPaXPp504yhvsrqtP6ZDny3/Y7UOQsWHylV9iLl3cuoQ=="
    }
  }
}
